// !$*UTF8*$!
{
	archiveVersion = 1;
	classes = {
	};
	objectVersion = 46;
	objects = {

/* Begin PBXBuildFile section */
		4941321D1AD63E82000BC4C1 /* HybridController.m in Sources */ = {isa = PBXBuildFile; fileRef = 4941321A1AD63E82000BC4C1 /* HybridController.m */; };
		4941321E1AD63E82000BC4C1 /* NativeController.m in Sources */ = {isa = PBXBuildFile; fileRef = 4941321C1AD63E82000BC4C1 /* NativeController.m */; };
		4941322B1AD68316000BC4C1 /* CriteoHybridController.m in Sources */ = {isa = PBXBuildFile; fileRef = 494132281AD68316000BC4C1 /* CriteoHybridController.m */; };
		4941322C1AD68316000BC4C1 /* CriteoNativeController.m in Sources */ = {isa = PBXBuildFile; fileRef = 4941322A1AD68316000BC4C1 /* CriteoNativeController.m */; };
		7D216DD219AB35B600379BBC /* CoreTelephony.framework in Frameworks */ = {isa = PBXBuildFile; fileRef = 7D216DD119AB35B600379BBC /* CoreTelephony.framework */; };
		7DD065A21991BFE3009CB3C2 /* Foundation.framework in Frameworks */ = {isa = PBXBuildFile; fileRef = 7DD065A11991BFE3009CB3C2 /* Foundation.framework */; };
		7DD065A61991BFE3009CB3C2 /* UIKit.framework in Frameworks */ = {isa = PBXBuildFile; fileRef = 7DD065A51991BFE3009CB3C2 /* UIKit.framework */; };
		7DD065AC1991BFE3009CB3C2 /* InfoPlist.strings in Resources */ = {isa = PBXBuildFile; fileRef = 7DD065AA1991BFE3009CB3C2 /* InfoPlist.strings */; };
		7DD065AE1991BFE3009CB3C2 /* main.m in Sources */ = {isa = PBXBuildFile; fileRef = 7DD065AD1991BFE3009CB3C2 /* main.m */; };
		7DD065B21991BFE3009CB3C2 /* AppDelegate.m in Sources */ = {isa = PBXBuildFile; fileRef = 7DD065B11991BFE3009CB3C2 /* AppDelegate.m */; };
		7DD065B51991BFE3009CB3C2 /* Main_iPhone.storyboard in Resources */ = {isa = PBXBuildFile; fileRef = 7DD065B31991BFE3009CB3C2 /* Main_iPhone.storyboard */; };
		7DD065BD1991BFE3009CB3C2 /* Images.xcassets in Resources */ = {isa = PBXBuildFile; fileRef = 7DD065BC1991BFE3009CB3C2 /* Images.xcassets */; };
		B0C1B2C41C64322F0028F243 /* PickyNativeViewController.m in Sources */ = {isa = PBXBuildFile; fileRef = B0C1B2C31C64322F0028F243 /* PickyNativeViewController.m */; };
		B0C1B2C61C6435880028F243 /* ADLIBrRAT.framework in Frameworks */ = {isa = PBXBuildFile; fileRef = B0C1B2C51C6435880028F243 /* ADLIBrRAT.framework */; };
/* End PBXBuildFile section */

/* Begin PBXFileReference section */
		494132191AD63E82000BC4C1 /* HybridController.h */ = {isa = PBXFileReference; fileEncoding = 4; lastKnownFileType = sourcecode.c.h; path = HybridController.h; sourceTree = "<group>"; };
		4941321A1AD63E82000BC4C1 /* HybridController.m */ = {isa = PBXFileReference; fileEncoding = 4; lastKnownFileType = sourcecode.c.objc; path = HybridController.m; sourceTree = "<group>"; };
		4941321B1AD63E82000BC4C1 /* NativeController.h */ = {isa = PBXFileReference; fileEncoding = 4; lastKnownFileType = sourcecode.c.h; path = NativeController.h; sourceTree = "<group>"; };
		4941321C1AD63E82000BC4C1 /* NativeController.m */ = {isa = PBXFileReference; fileEncoding = 4; lastKnownFileType = sourcecode.c.objc; path = NativeController.m; sourceTree = "<group>"; };
		494132271AD68316000BC4C1 /* CriteoHybridController.h */ = {isa = PBXFileReference; fileEncoding = 4; lastKnownFileType = sourcecode.c.h; path = CriteoHybridController.h; sourceTree = "<group>"; };
		494132281AD68316000BC4C1 /* CriteoHybridController.m */ = {isa = PBXFileReference; fileEncoding = 4; lastKnownFileType = sourcecode.c.objc; path = CriteoHybridController.m; sourceTree = "<group>"; };
		494132291AD68316000BC4C1 /* CriteoNativeController.h */ = {isa = PBXFileReference; fileEncoding = 4; lastKnownFileType = sourcecode.c.h; path = CriteoNativeController.h; sourceTree = "<group>"; };
		4941322A1AD68316000BC4C1 /* CriteoNativeController.m */ = {isa = PBXFileReference; fileEncoding = 4; lastKnownFileType = sourcecode.c.objc; path = CriteoNativeController.m; sourceTree = "<group>"; };
		7D216DD119AB35B600379BBC /* CoreTelephony.framework */ = {isa = PBXFileReference; lastKnownFileType = wrapper.framework; name = CoreTelephony.framework; path = System/Library/Frameworks/CoreTelephony.framework; sourceTree = SDKROOT; };
		7DD0659E1991BFE3009CB3C2 /* ADLIBrRATSample.app */ = {isa = PBXFileReference; explicitFileType = wrapper.application; includeInIndex = 0; path = ADLIBrRATSample.app; sourceTree = BUILT_PRODUCTS_DIR; };
		7DD065A11991BFE3009CB3C2 /* Foundation.framework */ = {isa = PBXFileReference; lastKnownFileType = wrapper.framework; name = Foundation.framework; path = System/Library/Frameworks/Foundation.framework; sourceTree = SDKROOT; };
		7DD065A31991BFE3009CB3C2 /* CoreGraphics.framework */ = {isa = PBXFileReference; lastKnownFileType = wrapper.framework; name = CoreGraphics.framework; path = System/Library/Frameworks/CoreGraphics.framework; sourceTree = SDKROOT; };
		7DD065A51991BFE3009CB3C2 /* UIKit.framework */ = {isa = PBXFileReference; lastKnownFileType = wrapper.framework; name = UIKit.framework; path = System/Library/Frameworks/UIKit.framework; sourceTree = SDKROOT; };
		7DD065A91991BFE3009CB3C2 /* ADLIBrRATSample-Info.plist */ = {isa = PBXFileReference; lastKnownFileType = text.plist.xml; path = "ADLIBrRATSample-Info.plist"; sourceTree = "<group>"; };
		7DD065AB1991BFE3009CB3C2 /* en */ = {isa = PBXFileReference; lastKnownFileType = text.plist.strings; name = en; path = en.lproj/InfoPlist.strings; sourceTree = "<group>"; };
		7DD065AD1991BFE3009CB3C2 /* main.m */ = {isa = PBXFileReference; lastKnownFileType = sourcecode.c.objc; path = main.m; sourceTree = "<group>"; };
		7DD065AF1991BFE3009CB3C2 /* ADLIBrRATSample-Prefix.pch */ = {isa = PBXFileReference; lastKnownFileType = sourcecode.c.h; path = "ADLIBrRATSample-Prefix.pch"; sourceTree = "<group>"; };
		7DD065B01991BFE3009CB3C2 /* AppDelegate.h */ = {isa = PBXFileReference; lastKnownFileType = sourcecode.c.h; path = AppDelegate.h; sourceTree = "<group>"; };
		7DD065B11991BFE3009CB3C2 /* AppDelegate.m */ = {isa = PBXFileReference; lastKnownFileType = sourcecode.c.objc; path = AppDelegate.m; sourceTree = "<group>"; };
		7DD065B41991BFE3009CB3C2 /* Base */ = {isa = PBXFileReference; lastKnownFileType = file.storyboard; name = Base; path = Base.lproj/Main_iPhone.storyboard; sourceTree = "<group>"; };
		7DD065BC1991BFE3009CB3C2 /* Images.xcassets */ = {isa = PBXFileReference; lastKnownFileType = folder.assetcatalog; path = Images.xcassets; sourceTree = "<group>"; };
		7DD065CB1991BFE3009CB3C2 /* ADLIBrRATSampleTests-Info.plist */ = {isa = PBXFileReference; lastKnownFileType = text.plist.xml; path = "ADLIBrRATSampleTests-Info.plist"; sourceTree = "<group>"; };
		7DD065CD1991BFE3009CB3C2 /* en */ = {isa = PBXFileReference; lastKnownFileType = text.plist.strings; name = en; path = en.lproj/InfoPlist.strings; sourceTree = "<group>"; };
		7DD065CF1991BFE3009CB3C2 /* ADLIBrRATSampleTests.m */ = {isa = PBXFileReference; lastKnownFileType = sourcecode.c.objc; path = ADLIBrRATSampleTests.m; sourceTree = "<group>"; };
		B0C1B2C21C64322F0028F243 /* PickyNativeViewController.h */ = {isa = PBXFileReference; fileEncoding = 4; lastKnownFileType = sourcecode.c.h; path = PickyNativeViewController.h; sourceTree = "<group>"; };
		B0C1B2C31C64322F0028F243 /* PickyNativeViewController.m */ = {isa = PBXFileReference; fileEncoding = 4; lastKnownFileType = sourcecode.c.objc; path = PickyNativeViewController.m; sourceTree = "<group>"; };
		B0C1B2C51C6435880028F243 /* ADLIBrRAT.framework */ = {isa = PBXFileReference; lastKnownFileType = wrapper.framework; path = ADLIBrRAT.framework; sourceTree = "<group>"; };
/* End PBXFileReference section */

/* Begin PBXFrameworksBuildPhase section */
		7DD0659B1991BFE3009CB3C2 /* Frameworks */ = {
			isa = PBXFrameworksBuildPhase;
			buildActionMask = 2147483647;
			files = (
				B0C1B2C61C6435880028F243 /* ADLIBrRAT.framework in Frameworks */,
				7D216DD219AB35B600379BBC /* CoreTelephony.framework in Frameworks */,
				7DD065A61991BFE3009CB3C2 /* UIKit.framework in Frameworks */,
				7DD065A21991BFE3009CB3C2 /* Foundation.framework in Frameworks */,
			);
			runOnlyForDeploymentPostprocessing = 0;
		};
/* End PBXFrameworksBuildPhase section */

/* Begin PBXGroup section */
		494132261AD68316000BC4C1 /* criteo */ = {
			isa = PBXGroup;
			children = (
				494132271AD68316000BC4C1 /* CriteoHybridController.h */,
				494132281AD68316000BC4C1 /* CriteoHybridController.m */,
				494132291AD68316000BC4C1 /* CriteoNativeController.h */,
				4941322A1AD68316000BC4C1 /* CriteoNativeController.m */,
			);
			path = criteo;
			sourceTree = "<group>";
		};
		7DD065951991BFE3009CB3C2 = {
			isa = PBXGroup;
			children = (
				7DD065A71991BFE3009CB3C2 /* ADLIBrRATSample */,
				7DD065C91991BFE3009CB3C2 /* ADLIBrRATSampleTests */,
				7DD065A01991BFE3009CB3C2 /* Frameworks */,
				7DD0659F1991BFE3009CB3C2 /* Products */,
			);
			sourceTree = "<group>";
		};
		7DD0659F1991BFE3009CB3C2 /* Products */ = {
			isa = PBXGroup;
			children = (
				7DD0659E1991BFE3009CB3C2 /* ADLIBrRATSample.app */,
			);
			name = Products;
			sourceTree = "<group>";
		};
		7DD065A01991BFE3009CB3C2 /* Frameworks */ = {
			isa = PBXGroup;
			children = (
				B0C1B2C51C6435880028F243 /* ADLIBrRAT.framework */,
				7D216DD119AB35B600379BBC /* CoreTelephony.framework */,
				7DD065A11991BFE3009CB3C2 /* Foundation.framework */,
				7DD065A31991BFE3009CB3C2 /* CoreGraphics.framework */,
				7DD065A51991BFE3009CB3C2 /* UIKit.framework */,
			);
			name = Frameworks;
			sourceTree = "<group>";
		};
		7DD065A71991BFE3009CB3C2 /* ADLIBrRATSample */ = {
			isa = PBXGroup;
			children = (
				494132261AD68316000BC4C1 /* criteo */,
				494132191AD63E82000BC4C1 /* HybridController.h */,
				4941321A1AD63E82000BC4C1 /* HybridController.m */,
				4941321B1AD63E82000BC4C1 /* NativeController.h */,
				4941321C1AD63E82000BC4C1 /* NativeController.m */,
				B0C1B2C21C64322F0028F243 /* PickyNativeViewController.h */,
				B0C1B2C31C64322F0028F243 /* PickyNativeViewController.m */,
				7DD065B01991BFE3009CB3C2 /* AppDelegate.h */,
				7DD065B11991BFE3009CB3C2 /* AppDelegate.m */,
				7DD065B31991BFE3009CB3C2 /* Main_iPhone.storyboard */,
				7DD065BC1991BFE3009CB3C2 /* Images.xcassets */,
				7DD065A81991BFE3009CB3C2 /* Supporting Files */,
			);
			path = ADLIBrRATSample;
			sourceTree = "<group>";
		};
		7DD065A81991BFE3009CB3C2 /* Supporting Files */ = {
			isa = PBXGroup;
			children = (
				7DD065A91991BFE3009CB3C2 /* ADLIBrRATSample-Info.plist */,
				7DD065AA1991BFE3009CB3C2 /* InfoPlist.strings */,
				7DD065AD1991BFE3009CB3C2 /* main.m */,
				7DD065AF1991BFE3009CB3C2 /* ADLIBrRATSample-Prefix.pch */,
			);
			name = "Supporting Files";
			sourceTree = "<group>";
		};
		7DD065C91991BFE3009CB3C2 /* ADLIBrRATSampleTests */ = {
			isa = PBXGroup;
			children = (
				7DD065CF1991BFE3009CB3C2 /* ADLIBrRATSampleTests.m */,
				7DD065CA1991BFE3009CB3C2 /* Supporting Files */,
			);
			path = ADLIBrRATSampleTests;
			sourceTree = "<group>";
		};
		7DD065CA1991BFE3009CB3C2 /* Supporting Files */ = {
			isa = PBXGroup;
			children = (
				7DD065CB1991BFE3009CB3C2 /* ADLIBrRATSampleTests-Info.plist */,
				7DD065CC1991BFE3009CB3C2 /* InfoPlist.strings */,
			);
			name = "Supporting Files";
			sourceTree = "<group>";
		};
/* End PBXGroup section */

/* Begin PBXNativeTarget section */
		7DD0659D1991BFE3009CB3C2 /* ADLIBrRATSample */ = {
			isa = PBXNativeTarget;
			buildConfigurationList = 7DD065D31991BFE3009CB3C2 /* Build configuration list for PBXNativeTarget "ADLIBrRATSample" */;
			buildPhases = (
				7DD0659A1991BFE3009CB3C2 /* Sources */,
				7DD0659B1991BFE3009CB3C2 /* Frameworks */,
				7DD0659C1991BFE3009CB3C2 /* Resources */,
			);
			buildRules = (
			);
			dependencies = (
			);
			name = ADLIBrRATSample;
			productName = ADLIBrRATSample;
			productReference = 7DD0659E1991BFE3009CB3C2 /* ADLIBrRATSample.app */;
			productType = "com.apple.product-type.application";
		};
/* End PBXNativeTarget section */

/* Begin PBXProject section */
		7DD065961991BFE3009CB3C2 /* Project object */ = {
			isa = PBXProject;
			attributes = {
				LastUpgradeCheck = 0720;
				ORGANIZATIONNAME = mocoplex;
			};
			buildConfigurationList = 7DD065991991BFE3009CB3C2 /* Build configuration list for PBXProject "ADLIBrRATSample" */;
			compatibilityVersion = "Xcode 3.2";
			developmentRegion = English;
			hasScannedForEncodings = 0;
			knownRegions = (
				en,
				Base,
			);
			mainGroup = 7DD065951991BFE3009CB3C2;
			productRefGroup = 7DD0659F1991BFE3009CB3C2 /* Products */;
			projectDirPath = "";
			projectRoot = "";
			targets = (
				7DD0659D1991BFE3009CB3C2 /* ADLIBrRATSample */,
			);
		};
/* End PBXProject section */

/* Begin PBXResourcesBuildPhase section */
		7DD0659C1991BFE3009CB3C2 /* Resources */ = {
			isa = PBXResourcesBuildPhase;
			buildActionMask = 2147483647;
			files = (
				7DD065BD1991BFE3009CB3C2 /* Images.xcassets in Resources */,
				7DD065B51991BFE3009CB3C2 /* Main_iPhone.storyboard in Resources */,
				7DD065AC1991BFE3009CB3C2 /* InfoPlist.strings in Resources */,
			);
			runOnlyForDeploymentPostprocessing = 0;
		};
/* End PBXResourcesBuildPhase section */

/* Begin PBXSourcesBuildPhase section */
		7DD0659A1991BFE3009CB3C2 /* Sources */ = {
			isa = PBXSourcesBuildPhase;
			buildActionMask = 2147483647;
			files = (
				4941321E1AD63E82000BC4C1 /* NativeController.m in Sources */,
				4941322B1AD68316000BC4C1 /* CriteoHybridController.m in Sources */,
				B0C1B2C41C64322F0028F243 /* PickyNativeViewController.m in Sources */,
				4941322C1AD68316000BC4C1 /* CriteoNativeController.m in Sources */,
				4941321D1AD63E82000BC4C1 /* HybridController.m in Sources */,
				7DD065B21991BFE3009CB3C2 /* AppDelegate.m in Sources */,
				7DD065AE1991BFE3009CB3C2 /* main.m in Sources */,
			);
			runOnlyForDeploymentPostprocessing = 0;
		};
/* End PBXSourcesBuildPhase section */

/* Begin PBXVariantGroup section */
		7DD065AA1991BFE3009CB3C2 /* InfoPlist.strings */ = {
			isa = PBXVariantGroup;
			children = (
				7DD065AB1991BFE3009CB3C2 /* en */,
			);
			name = InfoPlist.strings;
			sourceTree = "<group>";
		};
		7DD065B31991BFE3009CB3C2 /* Main_iPhone.storyboard */ = {
			isa = PBXVariantGroup;
			children = (
				7DD065B41991BFE3009CB3C2 /* Base */,
			);
			name = Main_iPhone.storyboard;
			sourceTree = "<group>";
		};
		7DD065CC1991BFE3009CB3C2 /* InfoPlist.strings */ = {
			isa = PBXVariantGroup;
			children = (
				7DD065CD1991BFE3009CB3C2 /* en */,
			);
			name = InfoPlist.strings;
			sourceTree = "<group>";
		};
/* End PBXVariantGroup section */

/* Begin XCBuildConfiguration section */
		7DD065D11991BFE3009CB3C2 /* Debug */ = {
			isa = XCBuildConfiguration;
			buildSettings = {
				ALWAYS_SEARCH_USER_PATHS = NO;
				CLANG_CXX_LANGUAGE_STANDARD = "gnu++0x";
				CLANG_CXX_LIBRARY = "libc++";
				CLANG_ENABLE_MODULES = YES;
				CLANG_ENABLE_OBJC_ARC = YES;
				CLANG_WARN_BOOL_CONVERSION = YES;
				CLANG_WARN_CONSTANT_CONVERSION = YES;
				CLANG_WARN_DIRECT_OBJC_ISA_USAGE = YES_ERROR;
				CLANG_WARN_EMPTY_BODY = YES;
				CLANG_WARN_ENUM_CONVERSION = YES;
				CLANG_WARN_INT_CONVERSION = YES;
				CLANG_WARN_OBJC_ROOT_CLASS = YES_ERROR;
				CLANG_WARN__DUPLICATE_METHOD_MATCH = YES;
				"CODE_SIGN_IDENTITY[sdk=iphoneos*]" = "iPhone Developer";
				COPY_PHASE_STRIP = NO;
				ENABLE_TESTABILITY = YES;
				GCC_C_LANGUAGE_STANDARD = gnu99;
				GCC_DYNAMIC_NO_PIC = NO;
				GCC_OPTIMIZATION_LEVEL = 0;
				GCC_PREPROCESSOR_DEFINITIONS = (
					"DEBUG=1",
					"$(inherited)",
				);
				GCC_SYMBOLS_PRIVATE_EXTERN = NO;
				GCC_WARN_64_TO_32_BIT_CONVERSION = YES;
				GCC_WARN_ABOUT_RETURN_TYPE = YES_ERROR;
				GCC_WARN_UNDECLARED_SELECTOR = YES;
				GCC_WARN_UNINITIALIZED_AUTOS = YES_AGGRESSIVE;
				GCC_WARN_UNUSED_FUNCTION = YES;
				GCC_WARN_UNUSED_VARIABLE = YES;
				IPHONEOS_DEPLOYMENT_TARGET = 7.0;
				ONLY_ACTIVE_ARCH = YES;
				SDKROOT = iphoneos;
				TARGETED_DEVICE_FAMILY = "1,2";
			};
			name = Debug;
		};
		7DD065D21991BFE3009CB3C2 /* Release */ = {
			isa = XCBuildConfiguration;
			buildSettings = {
				ALWAYS_SEARCH_USER_PATHS = NO;
				CLANG_CXX_LANGUAGE_STANDARD = "gnu++0x";
				CLANG_CXX_LIBRARY = "libc++";
				CLANG_ENABLE_MODULES = YES;
				CLANG_ENABLE_OBJC_ARC = YES;
				CLANG_WARN_BOOL_CONVERSION = YES;
				CLANG_WARN_CONSTANT_CONVERSION = YES;
				CLANG_WARN_DIRECT_OBJC_ISA_USAGE = YES_ERROR;
				CLANG_WARN_EMPTY_BODY = YES;
				CLANG_WARN_ENUM_CONVERSION = YES;
				CLANG_WARN_INT_CONVERSION = YES;
				CLANG_WARN_OBJC_ROOT_CLASS = YES_ERROR;
				CLANG_WARN__DUPLICATE_METHOD_MATCH = YES;
				"CODE_SIGN_IDENTITY[sdk=iphoneos*]" = "iPhone Developer";
				COPY_PHASE_STRIP = YES;
				ENABLE_NS_ASSERTIONS = NO;
				GCC_C_LANGUAGE_STANDARD = gnu99;
				GCC_WARN_64_TO_32_BIT_CONVERSION = YES;
				GCC_WARN_ABOUT_RETURN_TYPE = YES_ERROR;
				GCC_WARN_UNDECLARED_SELECTOR = YES;
				GCC_WARN_UNINITIALIZED_AUTOS = YES_AGGRESSIVE;
				GCC_WARN_UNUSED_FUNCTION = YES;
				GCC_WARN_UNUSED_VARIABLE = YES;
				IPHONEOS_DEPLOYMENT_TARGET = 7.0;
				SDKROOT = iphoneos;
				TARGETED_DEVICE_FAMILY = "1,2";
				VALIDATE_PRODUCT = YES;
			};
			name = Release;
		};
		7DD065D41991BFE3009CB3C2 /* Debug */ = {
			isa = XCBuildConfiguration;
			buildSettings = {
				ASSETCATALOG_COMPILER_APPICON_NAME = AppIcon;
				ASSETCATALOG_COMPILER_LAUNCHIMAGE_NAME = LaunchImage;
				CLANG_ENABLE_OBJC_ARC = YES;
				CODE_SIGN_IDENTITY = "iPhone Developer";
				FRAMEWORK_SEARCH_PATHS = (
					"$(inherited)",
					"$(PROJECT_DIR)",
				);
				GCC_PRECOMPILE_PREFIX_HEADER = YES;
				GCC_PREFIX_HEADER = "ADLIBrRATSample/ADLIBrRATSample-Prefix.pch";
				INFOPLIST_FILE = "ADLIBrRATSample/ADLIBrRATSample-Info.plist";
				IPHONEOS_DEPLOYMENT_TARGET = 7.0;
				PRODUCT_BUNDLE_IDENTIFIER = "com.mocoplex.rat.${PRODUCT_NAME:rfc1034identifier}";
				PRODUCT_NAME = "$(TARGET_NAME)";
				VALID_ARCHS = "armv7 armv7s arm64";
				WRAPPER_EXTENSION = app;
			};
			name = Debug;
		};
		7DD065D51991BFE3009CB3C2 /* Release */ = {
			isa = XCBuildConfiguration;
			buildSettings = {
				ASSETCATALOG_COMPILER_APPICON_NAME = AppIcon;
				ASSETCATALOG_COMPILER_LAUNCHIMAGE_NAME = LaunchImage;
				CLANG_ENABLE_OBJC_ARC = YES;
				CODE_SIGN_IDENTITY = "iPhone Developer";
				"CODE_SIGN_IDENTITY[sdk=iphoneos*]" = "iPhone Distribution";
				FRAMEWORK_SEARCH_PATHS = (
					"$(inherited)",
					"$(PROJECT_DIR)",
				);
				GCC_PRECOMPILE_PREFIX_HEADER = YES;
				GCC_PREFIX_HEADER = "ADLIBrRATSample/ADLIBrRATSample-Prefix.pch";
				INFOPLIST_FILE = "ADLIBrRATSample/ADLIBrRATSample-Info.plist";
				IPHONEOS_DEPLOYMENT_TARGET = 7.0;
				PRODUCT_BUNDLE_IDENTIFIER = "com.mocoplex.rat.${PRODUCT_NAME:rfc1034identifier}";
				PRODUCT_NAME = "$(TARGET_NAME)";
				VALID_ARCHS = "armv7 armv7s arm64";
				WRAPPER_EXTENSION = app;
			};
			name = Release;
		};
/* End XCBuildConfiguration section */

/* Begin XCConfigurationList section */
		7DD065991991BFE3009CB3C2 /* Build configuration list for PBXProject "ADLIBrRATSample" */ = {
			isa = XCConfigurationList;
			buildConfigurations = (
				7DD065D11991BFE3009CB3C2 /* Debug */,
				7DD065D21991BFE3009CB3C2 /* Release */,
			);
			defaultConfigurationIsVisible = 0;
			defaultConfigurationName = Release;
		};
		7DD065D31991BFE3009CB3C2 /* Build configuration list for PBXNativeTarget "ADLIBrRATSample" */ = {
			isa = XCConfigurationList;
			buildConfigurations = (
				7DD065D41991BFE3009CB3C2 /* Debug */,
				7DD065D51991BFE3009CB3C2 /* Release */,
			);
			defaultConfigurationIsVisible = 0;
			defaultConfigurationName = Release;
		};
/* End XCConfigurationList section */
	};
	rootObject = 7DD065961991BFE3009CB3C2 /* Project object */;
}
